
Microsoft Visual Studio Solution File, Format Version 12.00
# Visual Studio 14
VisualStudioVersion = 14.0.25123.0
MinimumVisualStudioVersion = 10.0.40219.1
Project("{085B2DC8-471E-4135-A75F-0F18E63A5169}") = "Sitecore.Support.157139", "Sitecore.Support.157139\Sitecore.Support.157139.csproj", "{591087ED-C92A-438F-8DC7-9BFEED544C7F}"
EndProject
Global
	GlobalSection(SolutionConfigurationPlatforms) = preSolution
		Debug|Any CPU = Debug|Any CPU
		Release|Any CPU = Release|Any CPU
	EndGlobalSection
	GlobalSection(ProjectConfigurationPlatforms) = postSolution
		{591087ED-C92A-438F-8DC7-9BFEED544C7F}.Debug|Any CPU.ActiveCfg = Debug|Any CPU
		{591087ED-C92A-438F-8DC7-9BFEED544C7F}.Debug|Any CPU.Build.0 = Debug|Any CPU
		{591087ED-C92A-438F-8DC7-9BFEED544C7F}.Release|Any CPU.ActiveCfg = Release|Any CPU
		{591087ED-C92A-438F-8DC7-9BFEED544C7F}.Release|Any CPU.Build.0 = Release|Any CPU
	EndGlobalSection
	GlobalSection(SolutionProperties) = preSolution
		HideSolutionNode = FALSE
	EndGlobalSection
EndGlobal
